// !$*UTF8*$!
{
	archiveVersion = 1;
	classes = {
	};
	objectVersion = 46;
	objects = {

/* Begin PBXBuildFile section */
		8B4351B21CEA0AEC00E48505 /* AppDelegate.swift in Sources */ = {isa = PBXBuildFile; fileRef = 8B4351B11CEA0AEC00E48505 /* AppDelegate.swift */; };
		8B4351B71CEA0AEC00E48505 /* Main.storyboard in Resources */ = {isa = PBXBuildFile; fileRef = 8B4351B51CEA0AEC00E48505 /* Main.storyboard */; };
		8B4351B91CEA0AEC00E48505 /* Assets.xcassets in Resources */ = {isa = PBXBuildFile; fileRef = 8B4351B81CEA0AEC00E48505 /* Assets.xcassets */; };
		8B4351BC1CEA0AEC00E48505 /* LaunchScreen.storyboard in Resources */ = {isa = PBXBuildFile; fileRef = 8B4351BA1CEA0AEC00E48505 /* LaunchScreen.storyboard */; };
		8B4351C71CEA0AEC00E48505 /* ZaiDuTests.swift in Sources */ = {isa = PBXBuildFile; fileRef = 8B4351C61CEA0AEC00E48505 /* ZaiDuTests.swift */; };
		8B4351D21CEA0AEC00E48505 /* ZaiDuUITests.swift in Sources */ = {isa = PBXBuildFile; fileRef = 8B4351D11CEA0AEC00E48505 /* ZaiDuUITests.swift */; };
		8B4352201CEA0CC100E48505 /* LoginViewController.swift in Sources */ = {isa = PBXBuildFile; fileRef = 8B43521F1CEA0CC100E48505 /* LoginViewController.swift */; };
		8B4352221CEA0CD600E48505 /* InReadingViewController.swift in Sources */ = {isa = PBXBuildFile; fileRef = 8B4352211CEA0CD600E48505 /* InReadingViewController.swift */; };
		8B4352241CEA0CEF00E48505 /* RecommendViewController.swift in Sources */ = {isa = PBXBuildFile; fileRef = 8B4352231CEA0CEF00E48505 /* RecommendViewController.swift */; };
		8B4352261CEA0D0100E48505 /* SocialViewController.swift in Sources */ = {isa = PBXBuildFile; fileRef = 8B4352251CEA0D0100E48505 /* SocialViewController.swift */; };
		8B4352281CEA0D0F00E48505 /* PersonalViewController.swift in Sources */ = {isa = PBXBuildFile; fileRef = 8B4352271CEA0D0F00E48505 /* PersonalViewController.swift */; };
		8B43522A1CEA0F2700E48505 /* ContainerViewController.swift in Sources */ = {isa = PBXBuildFile; fileRef = 8B4352291CEA0F2700E48505 /* ContainerViewController.swift */; };
/* End PBXBuildFile section */

/* Begin PBXContainerItemProxy section */
		8B4351C31CEA0AEC00E48505 /* PBXContainerItemProxy */ = {
			isa = PBXContainerItemProxy;
			containerPortal = 8B4351A61CEA0AEC00E48505 /* Project object */;
			proxyType = 1;
			remoteGlobalIDString = 8B4351AD1CEA0AEC00E48505;
			remoteInfo = ZaiDu;
		};
		8B4351CE1CEA0AEC00E48505 /* PBXContainerItemProxy */ = {
			isa = PBXContainerItemProxy;
			containerPortal = 8B4351A61CEA0AEC00E48505 /* Project object */;
			proxyType = 1;
			remoteGlobalIDString = 8B4351AD1CEA0AEC00E48505;
			remoteInfo = ZaiDu;
		};
/* End PBXContainerItemProxy section */

/* Begin PBXFileReference section */
		8B4351AE1CEA0AEC00E48505 /* ZaiDu.app */ = {isa = PBXFileReference; explicitFileType = wrapper.application; includeInIndex = 0; path = ZaiDu.app; sourceTree = BUILT_PRODUCTS_DIR; };
		8B4351B11CEA0AEC00E48505 /* AppDelegate.swift */ = {isa = PBXFileReference; lastKnownFileType = sourcecode.swift; path = AppDelegate.swift; sourceTree = "<group>"; };
		8B4351B61CEA0AEC00E48505 /* Base */ = {isa = PBXFileReference; lastKnownFileType = file.storyboard; name = Base; path = Base.lproj/Main.storyboard; sourceTree = "<group>"; };
		8B4351B81CEA0AEC00E48505 /* Assets.xcassets */ = {isa = PBXFileReference; lastKnownFileType = folder.assetcatalog; path = Assets.xcassets; sourceTree = "<group>"; };
		8B4351BB1CEA0AEC00E48505 /* Base */ = {isa = PBXFileReference; lastKnownFileType = file.storyboard; name = Base; path = Base.lproj/LaunchScreen.storyboard; sourceTree = "<group>"; };
		8B4351BD1CEA0AEC00E48505 /* Info.plist */ = {isa = PBXFileReference; lastKnownFileType = text.plist.xml; path = Info.plist; sourceTree = "<group>"; };
		8B4351C21CEA0AEC00E48505 /* ZaiDuTests.xctest */ = {isa = PBXFileReference; explicitFileType = wrapper.cfbundle; includeInIndex = 0; path = ZaiDuTests.xctest; sourceTree = BUILT_PRODUCTS_DIR; };
		8B4351C61CEA0AEC00E48505 /* ZaiDuTests.swift */ = {isa = PBXFileReference; lastKnownFileType = sourcecode.swift; path = ZaiDuTests.swift; sourceTree = "<group>"; };
		8B4351C81CEA0AEC00E48505 /* Info.plist */ = {isa = PBXFileReference; lastKnownFileType = text.plist.xml; path = Info.plist; sourceTree = "<group>"; };
		8B4351CD1CEA0AEC00E48505 /* ZaiDuUITests.xctest */ = {isa = PBXFileReference; explicitFileType = wrapper.cfbundle; includeInIndex = 0; path = ZaiDuUITests.xctest; sourceTree = BUILT_PRODUCTS_DIR; };
		8B4351D11CEA0AEC00E48505 /* ZaiDuUITests.swift */ = {isa = PBXFileReference; lastKnownFileType = sourcecode.swift; path = ZaiDuUITests.swift; sourceTree = "<group>"; };
		8B4351D31CEA0AEC00E48505 /* Info.plist */ = {isa = PBXFileReference; lastKnownFileType = text.plist.xml; path = Info.plist; sourceTree = "<group>"; };
		8B43521F1CEA0CC100E48505 /* LoginViewController.swift */ = {isa = PBXFileReference; fileEncoding = 4; lastKnownFileType = sourcecode.swift; name = LoginViewController.swift; path = Controller/LoginViewController.swift; sourceTree = "<group>"; };
		8B4352211CEA0CD600E48505 /* InReadingViewController.swift */ = {isa = PBXFileReference; fileEncoding = 4; lastKnownFileType = sourcecode.swift; name = InReadingViewController.swift; path = Controller/InReadingViewController.swift; sourceTree = "<group>"; };
		8B4352231CEA0CEF00E48505 /* RecommendViewController.swift */ = {isa = PBXFileReference; fileEncoding = 4; lastKnownFileType = sourcecode.swift; name = RecommendViewController.swift; path = Controller/RecommendViewController.swift; sourceTree = "<group>"; };
		8B4352251CEA0D0100E48505 /* SocialViewController.swift */ = {isa = PBXFileReference; fileEncoding = 4; lastKnownFileType = sourcecode.swift; name = SocialViewController.swift; path = Controller/SocialViewController.swift; sourceTree = "<group>"; };
		8B4352271CEA0D0F00E48505 /* PersonalViewController.swift */ = {isa = PBXFileReference; fileEncoding = 4; lastKnownFileType = sourcecode.swift; name = PersonalViewController.swift; path = Controller/PersonalViewController.swift; sourceTree = "<group>"; };
		8B4352291CEA0F2700E48505 /* ContainerViewController.swift */ = {isa = PBXFileReference; fileEncoding = 4; lastKnownFileType = sourcecode.swift; name = ContainerViewController.swift; path = Controller/ContainerViewController.swift; sourceTree = "<group>"; };
/* End PBXFileReference section */

/* Begin PBXFrameworksBuildPhase section */
		8B4351AB1CEA0AEC00E48505 /* Frameworks */ = {
			isa = PBXFrameworksBuildPhase;
			buildActionMask = 2147483647;
			files = (
			);
			runOnlyForDeploymentPostprocessing = 0;
		};
		8B4351BF1CEA0AEC00E48505 /* Frameworks */ = {
			isa = PBXFrameworksBuildPhase;
			buildActionMask = 2147483647;
			files = (
			);
			runOnlyForDeploymentPostprocessing = 0;
		};
		8B4351CA1CEA0AEC00E48505 /* Frameworks */ = {
			isa = PBXFrameworksBuildPhase;
			buildActionMask = 2147483647;
			files = (
			);
			runOnlyForDeploymentPostprocessing = 0;
		};
/* End PBXFrameworksBuildPhase section */

/* Begin PBXGroup section */
		8B4351A51CEA0AEC00E48505 = {
			isa = PBXGroup;
			children = (
				8B4351B01CEA0AEC00E48505 /* ZaiDu */,
				8B4351C51CEA0AEC00E48505 /* ZaiDuTests */,
				8B4351D01CEA0AEC00E48505 /* ZaiDuUITests */,
				8B4351AF1CEA0AEC00E48505 /* Products */,
			);
			sourceTree = "<group>";
		};
		8B4351AF1CEA0AEC00E48505 /* Products */ = {
			isa = PBXGroup;
			children = (
				8B4351AE1CEA0AEC00E48505 /* ZaiDu.app */,
				8B4351C21CEA0AEC00E48505 /* ZaiDuTests.xctest */,
				8B4351CD1CEA0AEC00E48505 /* ZaiDuUITests.xctest */,
			);
			name = Products;
			sourceTree = "<group>";
		};
		8B4351B01CEA0AEC00E48505 /* ZaiDu */ = {
			isa = PBXGroup;
			children = (
				8B4351B11CEA0AEC00E48505 /* AppDelegate.swift */,
				8B4351E11CEA0C1D00E48505 /* Controller */,
				8B4351E21CEA0C2200E48505 /* View */,
				8B4351E01CEA0B1B00E48505 /* Support */,
			);
			path = ZaiDu;
			sourceTree = "<group>";
		};
		8B4351C51CEA0AEC00E48505 /* ZaiDuTests */ = {
			isa = PBXGroup;
			children = (
				8B4351C61CEA0AEC00E48505 /* ZaiDuTests.swift */,
				8B4351C81CEA0AEC00E48505 /* Info.plist */,
			);
			path = ZaiDuTests;
			sourceTree = "<group>";
		};
		8B4351D01CEA0AEC00E48505 /* ZaiDuUITests */ = {
			isa = PBXGroup;
			children = (
				8B4351D11CEA0AEC00E48505 /* ZaiDuUITests.swift */,
				8B4351D31CEA0AEC00E48505 /* Info.plist */,
			);
			path = ZaiDuUITests;
			sourceTree = "<group>";
		};
		8B4351E01CEA0B1B00E48505 /* Support */ = {
			isa = PBXGroup;
			children = (
				8B4351B81CEA0AEC00E48505 /* Assets.xcassets */,
				8B4351BA1CEA0AEC00E48505 /* LaunchScreen.storyboard */,
				8B4351BD1CEA0AEC00E48505 /* Info.plist */,
			);
			name = Support;
			sourceTree = "<group>";
		};
		8B4351E11CEA0C1D00E48505 /* Controller */ = {
			isa = PBXGroup;
			children = (
				8B43521F1CEA0CC100E48505 /* LoginViewController.swift */,
				8B4352291CEA0F2700E48505 /* ContainerViewController.swift */,
				8B4352211CEA0CD600E48505 /* InReadingViewController.swift */,
				8B4352231CEA0CEF00E48505 /* RecommendViewController.swift */,
				8B4352251CEA0D0100E48505 /* SocialViewController.swift */,
				8B4352271CEA0D0F00E48505 /* PersonalViewController.swift */,
			);
			name = Controller;
			sourceTree = "<group>";
		};
		8B4351E21CEA0C2200E48505 /* View */ = {
			isa = PBXGroup;
			children = (
				8B4351B51CEA0AEC00E48505 /* Main.storyboard */,
			);
			name = View;
			sourceTree = "<group>";
		};
/* End PBXGroup section */

/* Begin PBXNativeTarget section */
		8B4351AD1CEA0AEC00E48505 /* ZaiDu */ = {
			isa = PBXNativeTarget;
			buildConfigurationList = 8B4351D61CEA0AEC00E48505 /* Build configuration list for PBXNativeTarget "ZaiDu" */;
			buildPhases = (
				8B4351AA1CEA0AEC00E48505 /* Sources */,
				8B4351AB1CEA0AEC00E48505 /* Frameworks */,
				8B4351AC1CEA0AEC00E48505 /* Resources */,
			);
			buildRules = (
			);
			dependencies = (
			);
			name = ZaiDu;
			productName = ZaiDu;
			productReference = 8B4351AE1CEA0AEC00E48505 /* ZaiDu.app */;
			productType = "com.apple.product-type.application";
		};
		8B4351C11CEA0AEC00E48505 /* ZaiDuTests */ = {
			isa = PBXNativeTarget;
			buildConfigurationList = 8B4351D91CEA0AEC00E48505 /* Build configuration list for PBXNativeTarget "ZaiDuTests" */;
			buildPhases = (
				8B4351BE1CEA0AEC00E48505 /* Sources */,
				8B4351BF1CEA0AEC00E48505 /* Frameworks */,
				8B4351C01CEA0AEC00E48505 /* Resources */,
			);
			buildRules = (
			);
			dependencies = (
				8B4351C41CEA0AEC00E48505 /* PBXTargetDependency */,
			);
			name = ZaiDuTests;
			productName = ZaiDuTests;
			productReference = 8B4351C21CEA0AEC00E48505 /* ZaiDuTests.xctest */;
			productType = "com.apple.product-type.bundle.unit-test";
		};
		8B4351CC1CEA0AEC00E48505 /* ZaiDuUITests */ = {
			isa = PBXNativeTarget;
			buildConfigurationList = 8B4351DC1CEA0AEC00E48505 /* Build configuration list for PBXNativeTarget "ZaiDuUITests" */;
			buildPhases = (
				8B4351C91CEA0AEC00E48505 /* Sources */,
				8B4351CA1CEA0AEC00E48505 /* Frameworks */,
				8B4351CB1CEA0AEC00E48505 /* Resources */,
			);
			buildRules = (
			);
			dependencies = (
				8B4351CF1CEA0AEC00E48505 /* PBXTargetDependency */,
			);
			name = ZaiDuUITests;
			productName = ZaiDuUITests;
			productReference = 8B4351CD1CEA0AEC00E48505 /* ZaiDuUITests.xctest */;
			productType = "com.apple.product-type.bundle.ui-testing";
		};
/* End PBXNativeTarget section */

/* Begin PBXProject section */
		8B4351A61CEA0AEC00E48505 /* Project object */ = {
			isa = PBXProject;
			attributes = {
				LastSwiftUpdateCheck = 0730;
				LastUpgradeCheck = 0730;
				ORGANIZATIONNAME = ZaiDu;
				TargetAttributes = {
					8B4351AD1CEA0AEC00E48505 = {
						CreatedOnToolsVersion = 7.3.1;
					};
					8B4351C11CEA0AEC00E48505 = {
						CreatedOnToolsVersion = 7.3.1;
						TestTargetID = 8B4351AD1CEA0AEC00E48505;
					};
					8B4351CC1CEA0AEC00E48505 = {
						CreatedOnToolsVersion = 7.3.1;
						TestTargetID = 8B4351AD1CEA0AEC00E48505;
					};
				};
			};
			buildConfigurationList = 8B4351A91CEA0AEC00E48505 /* Build configuration list for PBXProject "ZaiDu" */;
			compatibilityVersion = "Xcode 3.2";
			developmentRegion = English;
			hasScannedForEncodings = 0;
			knownRegions = (
				en,
				Base,
			);
			mainGroup = 8B4351A51CEA0AEC00E48505;
			productRefGroup = 8B4351AF1CEA0AEC00E48505 /* Products */;
			projectDirPath = "";
			projectRoot = "";
			targets = (
				8B4351AD1CEA0AEC00E48505 /* ZaiDu */,
				8B4351C11CEA0AEC00E48505 /* ZaiDuTests */,
				8B4351CC1CEA0AEC00E48505 /* ZaiDuUITests */,
			);
		};
/* End PBXProject section */

/* Begin PBXResourcesBuildPhase section */
		8B4351AC1CEA0AEC00E48505 /* Resources */ = {
			isa = PBXResourcesBuildPhase;
			buildActionMask = 2147483647;
			files = (
				8B4351BC1CEA0AEC00E48505 /* LaunchScreen.storyboard in Resources */,
				8B4351B91CEA0AEC00E48505 /* Assets.xcassets in Resources */,
				8B4351B71CEA0AEC00E48505 /* Main.storyboard in Resources */,
			);
			runOnlyForDeploymentPostprocessing = 0;
		};
		8B4351C01CEA0AEC00E48505 /* Resources */ = {
			isa = PBXResourcesBuildPhase;
			buildActionMask = 2147483647;
			files = (
			);
			runOnlyForDeploymentPostprocessing = 0;
		};
		8B4351CB1CEA0AEC00E48505 /* Resources */ = {
			isa = PBXResourcesBuildPhase;
			buildActionMask = 2147483647;
			files = (
			);
			runOnlyForDeploymentPostprocessing = 0;
		};
/* End PBXResourcesBuildPhase section */

/* Begin PBXSourcesBuildPhase section */
		8B4351AA1CEA0AEC00E48505 /* Sources */ = {
			isa = PBXSourcesBuildPhase;
			buildActionMask = 2147483647;
			files = (
				8B4352261CEA0D0100E48505 /* SocialViewController.swift in Sources */,
				8B4352221CEA0CD600E48505 /* InReadingViewController.swift in Sources */,
				8B43522A1CEA0F2700E48505 /* ContainerViewController.swift in Sources */,
				8B4352241CEA0CEF00E48505 /* RecommendViewController.swift in Sources */,
				8B4352201CEA0CC100E48505 /* LoginViewController.swift in Sources */,
				8B4352281CEA0D0F00E48505 /* PersonalViewController.swift in Sources */,
				8B4351B21CEA0AEC00E48505 /* AppDelegate.swift in Sources */,
			);
			runOnlyForDeploymentPostprocessing = 0;
		};
		8B4351BE1CEA0AEC00E48505 /* Sources */ = {
			isa = PBXSourcesBuildPhase;
			buildActionMask = 2147483647;
			files = (
				8B4351C71CEA0AEC00E48505 /* ZaiDuTests.swift in Sources */,
			);
			runOnlyForDeploymentPostprocessing = 0;
		};
		8B4351C91CEA0AEC00E48505 /* Sources */ = {
			isa = PBXSourcesBuildPhase;
			buildActionMask = 2147483647;
			files = (
				8B4351D21CEA0AEC00E48505 /* ZaiDuUITests.swift in Sources */,
			);
			runOnlyForDeploymentPostprocessing = 0;
		};
/* End PBXSourcesBuildPhase section */

/* Begin PBXTargetDependency section */
		8B4351C41CEA0AEC00E48505 /* PBXTargetDependency */ = {
			isa = PBXTargetDependency;
			target = 8B4351AD1CEA0AEC00E48505 /* ZaiDu */;
			targetProxy = 8B4351C31CEA0AEC00E48505 /* PBXContainerItemProxy */;
		};
		8B4351CF1CEA0AEC00E48505 /* PBXTargetDependency */ = {
			isa = PBXTargetDependency;
			target = 8B4351AD1CEA0AEC00E48505 /* ZaiDu */;
			targetProxy = 8B4351CE1CEA0AEC00E48505 /* PBXContainerItemProxy */;
		};
/* End PBXTargetDependency section */

/* Begin PBXVariantGroup section */
		8B4351B51CEA0AEC00E48505 /* Main.storyboard */ = {
			isa = PBXVariantGroup;
			children = (
				8B4351B61CEA0AEC00E48505 /* Base */,
			);
			name = Main.storyboard;
			sourceTree = "<group>";
		};
		8B4351BA1CEA0AEC00E48505 /* LaunchScreen.storyboard */ = {
			isa = PBXVariantGroup;
			children = (
				8B4351BB1CEA0AEC00E48505 /* Base */,
			);
			name = LaunchScreen.storyboard;
			sourceTree = "<group>";
		};
/* End PBXVariantGroup section */

/* Begin XCBuildConfiguration section */
		8B4351D41CEA0AEC00E48505 /* Debug */ = {
			isa = XCBuildConfiguration;
			buildSettings = {
				ALWAYS_SEARCH_USER_PATHS = NO;
				CLANG_ANALYZER_NONNULL = YES;
				CLANG_CXX_LANGUAGE_STANDARD = "gnu++0x";
				CLANG_CXX_LIBRARY = "libc++";
				CLANG_ENABLE_MODULES = YES;
				CLANG_ENABLE_OBJC_ARC = YES;
				CLANG_WARN_BOOL_CONVERSION = YES;
				CLANG_WARN_CONSTANT_CONVERSION = YES;
				CLANG_WARN_DIRECT_OBJC_ISA_USAGE = YES_ERROR;
				CLANG_WARN_EMPTY_BODY = YES;
				CLANG_WARN_ENUM_CONVERSION = YES;
				CLANG_WARN_INT_CONVERSION = YES;
				CLANG_WARN_OBJC_ROOT_CLASS = YES_ERROR;
				CLANG_WARN_UNREACHABLE_CODE = YES;
				CLANG_WARN__DUPLICATE_METHOD_MATCH = YES;
				"CODE_SIGN_IDENTITY[sdk=iphoneos*]" = "iPhone Developer";
				COPY_PHASE_STRIP = NO;
				DEBUG_INFORMATION_FORMAT = dwarf;
				ENABLE_STRICT_OBJC_MSGSEND = YES;
				ENABLE_TESTABILITY = YES;
				GCC_C_LANGUAGE_STANDARD = gnu99;
				GCC_DYNAMIC_NO_PIC = NO;
				GCC_NO_COMMON_BLOCKS = YES;
				GCC_OPTIMIZATION_LEVEL = 0;
				GCC_PREPROCESSOR_DEFINITIONS = (
					"DEBUG=1",
					"$(inherited)",
				);
				GCC_WARN_64_TO_32_BIT_CONVERSION = YES;
				GCC_WARN_ABOUT_RETURN_TYPE = YES_ERROR;
				GCC_WARN_UNDECLARED_SELECTOR = YES;
				GCC_WARN_UNINITIALIZED_AUTOS = YES_AGGRESSIVE;
				GCC_WARN_UNUSED_FUNCTION = YES;
				GCC_WARN_UNUSED_VARIABLE = YES;
				IPHONEOS_DEPLOYMENT_TARGET = 9.3;
				MTL_ENABLE_DEBUG_INFO = YES;
				ONLY_ACTIVE_ARCH = YES;
				SDKROOT = iphoneos;
				SWIFT_OPTIMIZATION_LEVEL = "-Onone";
				TARGETED_DEVICE_FAMILY = "1,2";
			};
			name = Debug;
		};
		8B4351D51CEA0AEC00E48505 /* Release */ = {
			isa = XCBuildConfiguration;
			buildSettings = {
				ALWAYS_SEARCH_USER_PATHS = NO;
				CLANG_ANALYZER_NONNULL = YES;
				CLANG_CXX_LANGUAGE_STANDARD = "gnu++0x";
				CLANG_CXX_LIBRARY = "libc++";
				CLANG_ENABLE_MODULES = YES;
				CLANG_ENABLE_OBJC_ARC = YES;
				CLANG_WARN_BOOL_CONVERSION = YES;
				CLANG_WARN_CONSTANT_CONVERSION = YES;
				CLANG_WARN_DIRECT_OBJC_ISA_USAGE = YES_ERROR;
				CLANG_WARN_EMPTY_BODY = YES;
				CLANG_WARN_ENUM_CONVERSION = YES;
				CLANG_WARN_INT_CONVERSION = YES;
				CLANG_WARN_OBJC_ROOT_CLASS = YES_ERROR;
				CLANG_WARN_UNREACHABLE_CODE = YES;
				CLANG_WARN__DUPLICATE_METHOD_MATCH = YES;
				"CODE_SIGN_IDENTITY[sdk=iphoneos*]" = "iPhone Developer";
				COPY_PHASE_STRIP = NO;
				DEBUG_INFORMATION_FORMAT = "dwarf-with-dsym";
				ENABLE_NS_ASSERTIONS = NO;
				ENABLE_STRICT_OBJC_MSGSEND = YES;
				GCC_C_LANGUAGE_STANDARD = gnu99;
				GCC_NO_COMMON_BLOCKS = YES;
				GCC_WARN_64_TO_32_BIT_CONVERSION = YES;
				GCC_WARN_ABOUT_RETURN_TYPE = YES_ERROR;
				GCC_WARN_UNDECLARED_SELECTOR = YES;
				GCC_WARN_UNINITIALIZED_AUTOS = YES_AGGRESSIVE;
				GCC_WARN_UNUSED_FUNCTION = YES;
				GCC_WARN_UNUSED_VARIABLE = YES;
				IPHONEOS_DEPLOYMENT_TARGET = 9.3;
				MTL_ENABLE_DEBUG_INFO = NO;
				SDKROOT = iphoneos;
				TARGETED_DEVICE_FAMILY = "1,2";
				VALIDATE_PRODUCT = YES;
			};
			name = Release;
		};
		8B4351D71CEA0AEC00E48505 /* Debug */ = {
			isa = XCBuildConfiguration;
			buildSettings = {
				ASSETCATALOG_COMPILER_APPICON_NAME = AppIcon;
				INFOPLIST_FILE = ZaiDu/Info.plist;
				LD_RUNPATH_SEARCH_PATHS = "$(inherited) @executable_path/Frameworks";
				PRODUCT_BUNDLE_IDENTIFIER = com.zaidu.ZaiDu;
				PRODUCT_NAME = "$(TARGET_NAME)";
				TARGETED_DEVICE_FAMILY = 1;
			};
			name = Debug;
		};
		8B4351D81CEA0AEC00E48505 /* Release */ = {
			isa = XCBuildConfiguration;
			buildSettings = {
				ASSETCATALOG_COMPILER_APPICON_NAME = AppIcon;
				INFOPLIST_FILE = ZaiDu/Info.plist;
				LD_RUNPATH_SEARCH_PATHS = "$(inherited) @executable_path/Frameworks";
				PRODUCT_BUNDLE_IDENTIFIER = com.zaidu.ZaiDu;
				PRODUCT_NAME = "$(TARGET_NAME)";
				TARGETED_DEVICE_FAMILY = 1;
			};
			name = Release;
		};
		8B4351DA1CEA0AEC00E48505 /* Debug */ = {
			isa = XCBuildConfiguration;
			buildSettings = {
				BUNDLE_LOADER = "$(TEST_HOST)";
				INFOPLIST_FILE = ZaiDuTests/Info.plist;
				LD_RUNPATH_SEARCH_PATHS = "$(inherited) @executable_path/Frameworks @loader_path/Frameworks";
				PRODUCT_BUNDLE_IDENTIFIER = com.zaidu.ZaiDuTests;
				PRODUCT_NAME = "$(TARGET_NAME)";
				TEST_HOST = "$(BUILT_PRODUCTS_DIR)/ZaiDu.app/ZaiDu";
			};
			name = Debug;
		};
		8B4351DB1CEA0AEC00E48505 /* Release */ = {
			isa = XCBuildConfiguration;
			buildSettings = {
				BUNDLE_LOADER = "$(TEST_HOST)";
				INFOPLIST_FILE = ZaiDuTests/Info.plist;
				LD_RUNPATH_SEARCH_PATHS = "$(inherited) @executable_path/Frameworks @loader_path/Frameworks";
				PRODUCT_BUNDLE_IDENTIFIER = com.zaidu.ZaiDuTests;
				PRODUCT_NAME = "$(TARGET_NAME)";
				TEST_HOST = "$(BUILT_PRODUCTS_DIR)/ZaiDu.app/ZaiDu";
			};
			name = Release;
		};
		8B4351DD1CEA0AEC00E48505 /* Debug */ = {
			isa = XCBuildConfiguration;
			buildSettings = {
				INFOPLIST_FILE = ZaiDuUITests/Info.plist;
				LD_RUNPATH_SEARCH_PATHS = "$(inherited) @executable_path/Frameworks @loader_path/Frameworks";
				PRODUCT_BUNDLE_IDENTIFIER = com.zaidu.ZaiDuUITests;
				PRODUCT_NAME = "$(TARGET_NAME)";
				TEST_TARGET_NAME = ZaiDu;
			};
			name = Debug;
		};
		8B4351DE1CEA0AEC00E48505 /* Release */ = {
			isa = XCBuildConfiguration;
			buildSettings = {
				INFOPLIST_FILE = ZaiDuUITests/Info.plist;
				LD_RUNPATH_SEARCH_PATHS = "$(inherited) @executable_path/Frameworks @loader_path/Frameworks";
				PRODUCT_BUNDLE_IDENTIFIER = com.zaidu.ZaiDuUITests;
				PRODUCT_NAME = "$(TARGET_NAME)";
				TEST_TARGET_NAME = ZaiDu;
			};
			name = Release;
		};
/* End XCBuildConfiguration section */

/* Begin XCConfigurationList section */
		8B4351A91CEA0AEC00E48505 /* Build configuration list for PBXProject "ZaiDu" */ = {
			isa = XCConfigurationList;
			buildConfigurations = (
				8B4351D41CEA0AEC00E48505 /* Debug */,
				8B4351D51CEA0AEC00E48505 /* Release */,
			);
			defaultConfigurationIsVisible = 0;
			defaultConfigurationName = Release;
		};
		8B4351D61CEA0AEC00E48505 /* Build configuration list for PBXNativeTarget "ZaiDu" */ = {
			isa = XCConfigurationList;
			buildConfigurations = (
				8B4351D71CEA0AEC00E48505 /* Debug */,
				8B4351D81CEA0AEC00E48505 /* Release */,
			);
			defaultConfigurationIsVisible = 0;
		};
		8B4351D91CEA0AEC00E48505 /* Build configuration list for PBXNativeTarget "ZaiDuTests" */ = {
			isa = XCConfigurationList;
			buildConfigurations = (
				8B4351DA1CEA0AEC00E48505 /* Debug */,
				8B4351DB1CEA0AEC00E48505 /* Release */,
			);
			defaultConfigurationIsVisible = 0;
		};
		8B4351DC1CEA0AEC00E48505 /* Build configuration list for PBXNativeTarget "ZaiDuUITests" */ = {
			isa = XCConfigurationList;
			buildConfigurations = (
				8B4351DD1CEA0AEC00E48505 /* Debug */,
				8B4351DE1CEA0AEC00E48505 /* Release */,
			);
			defaultConfigurationIsVisible = 0;
		};
/* End XCConfigurationList section */
	};
	rootObject = 8B4351A61CEA0AEC00E48505 /* Project object */;
}
